
Microsoft Visual Studio Solution File, Format Version 12.00
# Visual Studio Version 17
VisualStudioVersion = 17.6.33829.357
MinimumVisualStudioVersion = 10.0.40219.1
Project("{8BC9CEB8-8B4A-11D0-8D11-00A0C91BC942}") = "test.2023.8.3", "test.2023.8.3.vcxproj", "{9C0D6C38-5FF4-4742-80E1-742AF65DE260}"
EndProject
Global
	GlobalSection(SolutionConfigurationPlatforms) = preSolution
		Debug|x64 = Debug|x64
		Debug|x86 = Debug|x86
		Release|x64 = Release|x64
		Release|x86 = Release|x86
	EndGlobalSection
	GlobalSection(ProjectConfigurationPlatforms) = postSolution
		{9C0D6C38-5FF4-4742-80E1-742AF65DE260}.Debug|x64.ActiveCfg = Debug|x64
		{9C0D6C38-5FF4-4742-80E1-742AF65DE260}.Debug|x64.Build.0 = Debug|x64
		{9C0D6C38-5FF4-4742-80E1-742AF65DE260}.Debug|x86.ActiveCfg = Debug|Win32
		{9C0D6C38-5FF4-4742-80E1-742AF65DE260}.Debug|x86.Build.0 = Debug|Win32
		{9C0D6C38-5FF4-4742-80E1-742AF65DE260}.Release|x64.ActiveCfg = Release|x64
		{9C0D6C38-5FF4-4742-80E1-742AF65DE260}.Release|x64.Build.0 = Release|x64
		{9C0D6C38-5FF4-4742-80E1-742AF65DE260}.Release|x86.ActiveCfg = Release|Win32
		{9C0D6C38-5FF4-4742-80E1-742AF65DE260}.Release|x86.Build.0 = Release|Win32
	EndGlobalSection
	GlobalSection(SolutionProperties) = preSolution
		HideSolutionNode = FALSE
	EndGlobalSection
	GlobalSection(ExtensibilityGlobals) = postSolution
		SolutionGuid = {7EFDCA61-FA62-49CF-8D30-FA362CAC496A}
	EndGlobalSection
EndGlobal
