
Microsoft Visual Studio Solution File, Format Version 12.00
# Visual Studio Version 17
VisualStudioVersion = 17.6.33829.357
MinimumVisualStudioVersion = 10.0.40219.1
Project("{8BC9CEB8-8B4A-11D0-8D11-00A0C91BC942}") = "test.2023.7.14", "test.2023.7.14.vcxproj", "{134F6E8E-6FC4-4A4D-A797-4AAC29212929}"
EndProject
Global
	GlobalSection(SolutionConfigurationPlatforms) = preSolution
		Debug|x64 = Debug|x64
		Debug|x86 = Debug|x86
		Release|x64 = Release|x64
		Release|x86 = Release|x86
	EndGlobalSection
	GlobalSection(ProjectConfigurationPlatforms) = postSolution
		{134F6E8E-6FC4-4A4D-A797-4AAC29212929}.Debug|x64.ActiveCfg = Debug|x64
		{134F6E8E-6FC4-4A4D-A797-4AAC29212929}.Debug|x64.Build.0 = Debug|x64
		{134F6E8E-6FC4-4A4D-A797-4AAC29212929}.Debug|x86.ActiveCfg = Debug|Win32
		{134F6E8E-6FC4-4A4D-A797-4AAC29212929}.Debug|x86.Build.0 = Debug|Win32
		{134F6E8E-6FC4-4A4D-A797-4AAC29212929}.Release|x64.ActiveCfg = Release|x64
		{134F6E8E-6FC4-4A4D-A797-4AAC29212929}.Release|x64.Build.0 = Release|x64
		{134F6E8E-6FC4-4A4D-A797-4AAC29212929}.Release|x86.ActiveCfg = Release|Win32
		{134F6E8E-6FC4-4A4D-A797-4AAC29212929}.Release|x86.Build.0 = Release|Win32
	EndGlobalSection
	GlobalSection(SolutionProperties) = preSolution
		HideSolutionNode = FALSE
	EndGlobalSection
	GlobalSection(ExtensibilityGlobals) = postSolution
		SolutionGuid = {84A4AA8D-4501-4BB6-9CB2-324525B4AFAA}
	EndGlobalSection
EndGlobal
